{
  "requires": true,
  "lockfileVersion": 1,
  "dependencies": {
    "@tmcw/togeojson": {
      "version": "3.0.0",
      "resolved": "https://registry.npmjs.org/@tmcw/togeojson/-/togeojson-3.0.0.tgz",
      "integrity": "sha512-CZrt6vjD6qns932dlSny/ANLkSSbWcK7Rgt2j6+gHeZTRsFdUQAeda/AfxC5spKtHB7DENGw5B5Gu7FPQwUUjw=="
    }
  }
}
